
Microsoft Visual Studio Solution File, Format Version 12.00
# Visual Studio 15
VisualStudioVersion = 15.0.27130.2036
MinimumVisualStudioVersion = 10.0.40219.1
Project("{9A19103F-16F7-4668-BE54-9A1E7A4F7556}") = "POS.Data", "POS.Data\POS.Data.csproj", "{7433822B-FF08-4B6F-97F5-D67E1FAC7594}"
EndProject
Project("{9A19103F-16F7-4668-BE54-9A1E7A4F7556}") = "POS.BLogic", "POS.BLogic\POS.BLogic.csproj", "{9FFB9FB6-DD46-4D2D-816C-D318AC4BA398}"
EndProject
Project("{9A19103F-16F7-4668-BE54-9A1E7A4F7556}") = "UnitTestBusinessLogic", "UnitTestBusinessLogic\UnitTestBusinessLogic.csproj", "{925FC669-7FCC-4305-9985-ACF9E7E08A69}"
EndProject
Project("{FAE04EC0-301F-11D3-BF4B-00C04F79EFBC}") = "POS.WEB", "POS.WEB\POS.WEB.csproj", "{82B28CC0-8078-41E8-96E7-B208247946D6}"
EndProject
Global
	GlobalSection(SolutionConfigurationPlatforms) = preSolution
		Debug|Any CPU = Debug|Any CPU
		Release|Any CPU = Release|Any CPU
	EndGlobalSection
	GlobalSection(ProjectConfigurationPlatforms) = postSolution
		{7433822B-FF08-4B6F-97F5-D67E1FAC7594}.Debug|Any CPU.ActiveCfg = Debug|Any CPU
		{7433822B-FF08-4B6F-97F5-D67E1FAC7594}.Debug|Any CPU.Build.0 = Debug|Any CPU
		{7433822B-FF08-4B6F-97F5-D67E1FAC7594}.Release|Any CPU.ActiveCfg = Release|Any CPU
		{7433822B-FF08-4B6F-97F5-D67E1FAC7594}.Release|Any CPU.Build.0 = Release|Any CPU
		{9FFB9FB6-DD46-4D2D-816C-D318AC4BA398}.Debug|Any CPU.ActiveCfg = Debug|Any CPU
		{9FFB9FB6-DD46-4D2D-816C-D318AC4BA398}.Debug|Any CPU.Build.0 = Debug|Any CPU
		{9FFB9FB6-DD46-4D2D-816C-D318AC4BA398}.Release|Any CPU.ActiveCfg = Release|Any CPU
		{9FFB9FB6-DD46-4D2D-816C-D318AC4BA398}.Release|Any CPU.Build.0 = Release|Any CPU
		{925FC669-7FCC-4305-9985-ACF9E7E08A69}.Debug|Any CPU.ActiveCfg = Debug|Any CPU
		{925FC669-7FCC-4305-9985-ACF9E7E08A69}.Debug|Any CPU.Build.0 = Debug|Any CPU
		{925FC669-7FCC-4305-9985-ACF9E7E08A69}.Release|Any CPU.ActiveCfg = Release|Any CPU
		{925FC669-7FCC-4305-9985-ACF9E7E08A69}.Release|Any CPU.Build.0 = Release|Any CPU
		{82B28CC0-8078-41E8-96E7-B208247946D6}.Debug|Any CPU.ActiveCfg = Debug|Any CPU
		{82B28CC0-8078-41E8-96E7-B208247946D6}.Debug|Any CPU.Build.0 = Debug|Any CPU
		{82B28CC0-8078-41E8-96E7-B208247946D6}.Release|Any CPU.ActiveCfg = Release|Any CPU
		{82B28CC0-8078-41E8-96E7-B208247946D6}.Release|Any CPU.Build.0 = Release|Any CPU
	EndGlobalSection
	GlobalSection(SolutionProperties) = preSolution
		HideSolutionNode = FALSE
	EndGlobalSection
	GlobalSection(ExtensibilityGlobals) = postSolution
		SolutionGuid = {E96F39FA-6AB0-4F2E-B18E-4FB61DFC9D57}
	EndGlobalSection
EndGlobal
